# This file is autogenerated, do not edit; changes may be undone by the next 'dep ensure'.


[[projects]]
  digest = "1:abaaa7489a2f0f3afb2adc8ea1a282a5bd52350b87b26da220c94fc778d6d63b"
  name = "github.com/docopt/docopt-go"
  packages = ["."]
  pruneopts = "UT"
  revision = "784ddc588536785e7299f7272f39101f7faccc3f"
  version = "0.6.2"

[[projects]]
  digest = "1:8f5f5769bffa18d62a9b4cdedc6927bf05c6738ef4ff0f7116e44d800971a30f"
  name = "github.com/ikawaha/kagome.ipadic"
  packages = [
    "internal/da",
    "internal/dic",
    "internal/dic/data",
    "internal/lattice",
    "tokenizer",
  ]
  pruneopts = "UT"
  revision = "6a236696f3137ef6b532b20b6ae6b17be67cca07"
  version = "v1.1.0"

[[projects]]
  branch = "master"
  digest = "1:446f04b6b59c2cfacf8e9784c431afda6708d72a7a09eaefb2ab96d2b9cf8536"
  name = "github.com/jessevdk/go-assets"
  packages = ["."]
  pruneopts = "UT"
  revision = "4f4301a06e153ff90e17793577ab6bf79f8dc5c5"

[[projects]]
  branch = "master"
  digest = "1:09c241fc172c7932ae4422bfba98661a13f200a3ce0188ecb662a9e454f46596"
  name = "github.com/mattn/go-gimei"
  packages = ["."]
  pruneopts = "UT"
  revision = "6a4b8c0a26342e6320e675615de141acdf30d7de"

[[projects]]
  digest = "1:456f7ba2ac801a25317870b79cc62c1d646e4be6becf6169033a8428e857e2d7"
  name = "github.com/miiton/kanaconv"
  packages = ["."]
  pruneopts = "UT"
  revision = "9fa8c190fdf72c87a95e9744c1e0bc5b7de71243"
  version = "1.1.0"

[[projects]]
  digest = "1:4d2e5a73dc1500038e504a8d78b986630e3626dc027bc030ba5c75da257cdb96"
  name = "gopkg.in/yaml.v2"
  packages = ["."]
  pruneopts = "UT"
  revision = "51d6538a90f86fe93ac480b35f37b2be17fef232"
  version = "v2.2.2"

[solve-meta]
  analyzer-name = "dep"
  analyzer-version = 1
  input-imports = [
    "github.com/docopt/docopt-go",
    "github.com/ikawaha/kagome.ipadic/tokenizer",
    "github.com/mattn/go-gimei",
    "github.com/miiton/kanaconv",
  ]
  solver-name = "gps-cdcl"
  solver-version = 1
